
Microsoft Visual Studio Solution File, Format Version 12.00
# Visual Studio Version 17
VisualStudioVersion = 17.5.33516.290
MinimumVisualStudioVersion = 10.0.40219.1
Project("{FAE04EC0-301F-11D3-BF4B-00C04F79EFBC}") = "addressbook-web-test", "addressbook-web-test\addressbook-web-test.csproj", "{CFF760A4-50AE-45C0-9B11-5FD309C99C1A}"
EndProject
Global
	GlobalSection(SolutionConfigurationPlatforms) = preSolution
		Debug|Any CPU = Debug|Any CPU
		Release|Any CPU = Release|Any CPU
	EndGlobalSection
	GlobalSection(ProjectConfigurationPlatforms) = postSolution
		{CFF760A4-50AE-45C0-9B11-5FD309C99C1A}.Debug|Any CPU.ActiveCfg = Debug|Any CPU
		{CFF760A4-50AE-45C0-9B11-5FD309C99C1A}.Debug|Any CPU.Build.0 = Debug|Any CPU
		{CFF760A4-50AE-45C0-9B11-5FD309C99C1A}.Release|Any CPU.ActiveCfg = Release|Any CPU
		{CFF760A4-50AE-45C0-9B11-5FD309C99C1A}.Release|Any CPU.Build.0 = Release|Any CPU
	EndGlobalSection
	GlobalSection(SolutionProperties) = preSolution
		HideSolutionNode = FALSE
	EndGlobalSection
	GlobalSection(ExtensibilityGlobals) = postSolution
		SolutionGuid = {FCD11B66-5562-44D1-9DFF-6F44D66F1842}
	EndGlobalSection
EndGlobal
